
Microsoft Visual Studio Solution File, Format Version 12.00
# Visual Studio 15
VisualStudioVersion = 15.0.28010.2003
MinimumVisualStudioVersion = 10.0.40219.1
Project("{9A19103F-16F7-4668-BE54-9A1E7A4F7556}") = "Wcoder.Blog.Dashboard.Server", "src\Dashboard\Wcoder.Blog.Dashboard.Server\Wcoder.Blog.Dashboard.Server.csproj", "{5AE86DA3-BFBF-4235-B55C-0145200C3D11}"
EndProject
Project("{9A19103F-16F7-4668-BE54-9A1E7A4F7556}") = "Wcoder.Blog.Dashboard.App", "src\Dashboard\Wcoder.Blog.Dashboard.App\Wcoder.Blog.Dashboard.App.csproj", "{90D2197D-D45E-4C3D-BA9D-1D0E8CEE3FFE}"
EndProject
Project("{2150E333-8FDC-42A3-9474-1A3956D46DE8}") = "Dashboard", "Dashboard", "{9A49B506-1100-4D19-AFEA-E99ED52C8013}"
EndProject
Project("{2150E333-8FDC-42A3-9474-1A3956D46DE8}") = "Portal", "Portal", "{82D37A72-B05C-4B47-A3C3-A5364A190738}"
EndProject
Project("{9A19103F-16F7-4668-BE54-9A1E7A4F7556}") = "Wcoder.Blog.Portal.App", "src\Portal\Wcoder.Blog.Portal.App\Wcoder.Blog.Portal.App.csproj", "{4EC5EAFD-1CDC-40C0-A279-54426D9ACF5C}"
EndProject
Project("{9A19103F-16F7-4668-BE54-9A1E7A4F7556}") = "Wcoder.Blog.Portal.Server", "src\Portal\Wcoder.Blog.Portal.Server\Wcoder.Blog.Portal.Server.csproj", "{E9EBB385-99A2-45CE-A874-77D55EE562C3}"
EndProject
Project("{9A19103F-16F7-4668-BE54-9A1E7A4F7556}") = "Wcoder.Blog.Protocol", "src\Wcoder.Blog.Protocol\Wcoder.Blog.Protocol.csproj", "{A5351BD6-FA53-48E9-AA28-CCA8953F50A9}"
EndProject
Project("{9A19103F-16F7-4668-BE54-9A1E7A4F7556}") = "Wcoder.Blog.Services", "src\Wcoder.Blog.Services\Wcoder.Blog.Services.csproj", "{EBCFF26C-6434-431C-A673-66FACF70462D}"
EndProject
Project("{9A19103F-16F7-4668-BE54-9A1E7A4F7556}") = "Wcoder.Blog.Infrastructure", "src\Wcoder.Blog.Infrastructure\Wcoder.Blog.Infrastructure.csproj", "{C2DB2601-EAA6-4065-AE3B-1C523B67FAB6}"
EndProject
Project("{9A19103F-16F7-4668-BE54-9A1E7A4F7556}") = "Wcoder.Blog.Application", "src\Wcoder.Blog.Application\Wcoder.Blog.Application.csproj", "{5862CC0F-A401-4CE5-AC14-E3525946B328}"
EndProject
Global
	GlobalSection(SolutionConfigurationPlatforms) = preSolution
		Debug|Any CPU = Debug|Any CPU
		Release|Any CPU = Release|Any CPU
	EndGlobalSection
	GlobalSection(ProjectConfigurationPlatforms) = postSolution
		{5AE86DA3-BFBF-4235-B55C-0145200C3D11}.Debug|Any CPU.ActiveCfg = Debug|Any CPU
		{5AE86DA3-BFBF-4235-B55C-0145200C3D11}.Debug|Any CPU.Build.0 = Debug|Any CPU
		{5AE86DA3-BFBF-4235-B55C-0145200C3D11}.Release|Any CPU.ActiveCfg = Release|Any CPU
		{5AE86DA3-BFBF-4235-B55C-0145200C3D11}.Release|Any CPU.Build.0 = Release|Any CPU
		{90D2197D-D45E-4C3D-BA9D-1D0E8CEE3FFE}.Debug|Any CPU.ActiveCfg = Debug|Any CPU
		{90D2197D-D45E-4C3D-BA9D-1D0E8CEE3FFE}.Debug|Any CPU.Build.0 = Debug|Any CPU
		{90D2197D-D45E-4C3D-BA9D-1D0E8CEE3FFE}.Release|Any CPU.ActiveCfg = Release|Any CPU
		{90D2197D-D45E-4C3D-BA9D-1D0E8CEE3FFE}.Release|Any CPU.Build.0 = Release|Any CPU
		{4EC5EAFD-1CDC-40C0-A279-54426D9ACF5C}.Debug|Any CPU.ActiveCfg = Debug|Any CPU
		{4EC5EAFD-1CDC-40C0-A279-54426D9ACF5C}.Debug|Any CPU.Build.0 = Debug|Any CPU
		{4EC5EAFD-1CDC-40C0-A279-54426D9ACF5C}.Release|Any CPU.ActiveCfg = Release|Any CPU
		{4EC5EAFD-1CDC-40C0-A279-54426D9ACF5C}.Release|Any CPU.Build.0 = Release|Any CPU
		{E9EBB385-99A2-45CE-A874-77D55EE562C3}.Debug|Any CPU.ActiveCfg = Debug|Any CPU
		{E9EBB385-99A2-45CE-A874-77D55EE562C3}.Debug|Any CPU.Build.0 = Debug|Any CPU
		{E9EBB385-99A2-45CE-A874-77D55EE562C3}.Release|Any CPU.ActiveCfg = Release|Any CPU
		{E9EBB385-99A2-45CE-A874-77D55EE562C3}.Release|Any CPU.Build.0 = Release|Any CPU
		{A5351BD6-FA53-48E9-AA28-CCA8953F50A9}.Debug|Any CPU.ActiveCfg = Debug|Any CPU
		{A5351BD6-FA53-48E9-AA28-CCA8953F50A9}.Debug|Any CPU.Build.0 = Debug|Any CPU
		{A5351BD6-FA53-48E9-AA28-CCA8953F50A9}.Release|Any CPU.ActiveCfg = Release|Any CPU
		{A5351BD6-FA53-48E9-AA28-CCA8953F50A9}.Release|Any CPU.Build.0 = Release|Any CPU
		{EBCFF26C-6434-431C-A673-66FACF70462D}.Debug|Any CPU.ActiveCfg = Debug|Any CPU
		{EBCFF26C-6434-431C-A673-66FACF70462D}.Debug|Any CPU.Build.0 = Debug|Any CPU
		{EBCFF26C-6434-431C-A673-66FACF70462D}.Release|Any CPU.ActiveCfg = Release|Any CPU
		{EBCFF26C-6434-431C-A673-66FACF70462D}.Release|Any CPU.Build.0 = Release|Any CPU
		{C2DB2601-EAA6-4065-AE3B-1C523B67FAB6}.Debug|Any CPU.ActiveCfg = Debug|Any CPU
		{C2DB2601-EAA6-4065-AE3B-1C523B67FAB6}.Debug|Any CPU.Build.0 = Debug|Any CPU
		{C2DB2601-EAA6-4065-AE3B-1C523B67FAB6}.Release|Any CPU.ActiveCfg = Release|Any CPU
		{C2DB2601-EAA6-4065-AE3B-1C523B67FAB6}.Release|Any CPU.Build.0 = Release|Any CPU
		{5862CC0F-A401-4CE5-AC14-E3525946B328}.Debug|Any CPU.ActiveCfg = Debug|Any CPU
		{5862CC0F-A401-4CE5-AC14-E3525946B328}.Debug|Any CPU.Build.0 = Debug|Any CPU
		{5862CC0F-A401-4CE5-AC14-E3525946B328}.Release|Any CPU.ActiveCfg = Release|Any CPU
		{5862CC0F-A401-4CE5-AC14-E3525946B328}.Release|Any CPU.Build.0 = Release|Any CPU
	EndGlobalSection
	GlobalSection(SolutionProperties) = preSolution
		HideSolutionNode = FALSE
	EndGlobalSection
	GlobalSection(NestedProjects) = preSolution
		{5AE86DA3-BFBF-4235-B55C-0145200C3D11} = {9A49B506-1100-4D19-AFEA-E99ED52C8013}
		{90D2197D-D45E-4C3D-BA9D-1D0E8CEE3FFE} = {9A49B506-1100-4D19-AFEA-E99ED52C8013}
		{4EC5EAFD-1CDC-40C0-A279-54426D9ACF5C} = {82D37A72-B05C-4B47-A3C3-A5364A190738}
		{E9EBB385-99A2-45CE-A874-77D55EE562C3} = {82D37A72-B05C-4B47-A3C3-A5364A190738}
	EndGlobalSection
	GlobalSection(ExtensibilityGlobals) = postSolution
		SolutionGuid = {769C9A6B-E83F-468F-B810-36D261D9B0D1}
	EndGlobalSection
EndGlobal
